<?xml version="1.0" encoding="utf-8"?>
<Project ToolsVersion="4.0" xmlns="http://schemas.microsoft.com/developer/msbuild/2003">
  <ItemGroup>
    <Filter Include="Исходные файлы">
      <UniqueIdentifier>{4FC737F1-C7A5-4376-A066-2A32D752A2FF}</UniqueIdentifier>
      <Extensions>cpp;c;cc;cxx;c++;cppm;ixx;def;odl;idl;hpj;bat;asm;asmx</Extensions>
    </Filter>
    <Filter Include="Файлы заголовков">
      <UniqueIdentifier>{93995380-89BD-4b04-88EB-625FBE52EBFB}</UniqueIdentifier>
      <Extensions>h;hh;hpp;hxx;h++;hm;inl;inc;ipp;xsd</Extensions>
    </Filter>
    <Filter Include="Файлы ресурсов">
      <UniqueIdentifier>{67DA6AB6-F800-4c08-8B7A-83BB121AAD01}</UniqueIdentifier>
      <Extensions>rc;ico;cur;bmp;dlg;rc2;rct;bin;rgs;gif;jpg;jpeg;jpe;resx;tiff;tif;png;wav;mfcribbon-ms</Extensions>
    </Filter>
    <Filter Include="Исходные файлы\model">
      <UniqueIdentifier>{5ac3757a-cb71-458e-9bb5-987c54a20c3f}</UniqueIdentifier>
    </Filter>
    <Filter Include="Исходные файлы\core">
      <UniqueIdentifier>{8b25445c-1d37-432a-b429-b8ac956b928a}</UniqueIdentifier>
    </Filter>
    <Filter Include="Исходные файлы\event">
      <UniqueIdentifier>{31c59d3b-1bd4-45a0-aae8-eae3b8c60418}</UniqueIdentifier>
    </Filter>
  </ItemGroup>
  <ItemGroup>
    <ClCompile Include="Main.cpp">
      <Filter>Исходные файлы</Filter>
    </ClCompile>
    <ClCompile Include="GameLauncher.cpp">
      <Filter>Исходные файлы</Filter>
    </ClCompile>
    <ClCompile Include="events\EventBus.cpp">
      <Filter>Исходные файлы\event</Filter>
    </ClCompile>
    <ClCompile Include="core\AABB.cpp">
      <Filter>Исходные файлы\core</Filter>
    </ClCompile>
    <ClCompile Include="core\GameObject.cpp">
      <Filter>Исходные файлы\core</Filter>
    </ClCompile>
    <ClCompile Include="core\Box2D.cpp">
      <Filter>Исходные файлы\core</Filter>
    </ClCompile>
    <ClCompile Include="core\Scene.cpp">
      <Filter>Исходные файлы\core</Filter>
    </ClCompile>
    <ClCompile Include="model\Block.cpp">
      <Filter>Исходные файлы\model</Filter>
    </ClCompile>
    <ClCompile Include="model\Entity.cpp">
      <Filter>Исходные файлы\model</Filter>
    </ClCompile>
    <ClCompile Include="model\ItemEntity.cpp">
      <Filter>Исходные файлы\model</Filter>
    </ClCompile>
    <ClCompile Include="model\Item.cpp">
      <Filter>Исходные файлы\model</Filter>
    </ClCompile>
    <ClCompile Include="model\Player.cpp">
      <Filter>Исходные файлы\model</Filter>
    </ClCompile>
    <ClCompile Include="model\Wall.cpp">
      <Filter>Исходные файлы\model</Filter>
    </ClCompile>
    <ClCompile Include="core\Sprite.cpp">
      <Filter>Исходные файлы\core</Filter>
    </ClCompile>
    <ClCompile Include="core\Debug.cpp">
      <Filter>Исходные файлы</Filter>
    </ClCompile>
    <ClCompile Include="model\Background.cpp">
      <Filter>Исходные файлы</Filter>
    </ClCompile>
    <ClCompile Include="model\Mob.cpp">
      <Filter>Исходные файлы</Filter>
    </ClCompile>
    <ClCompile Include="model\misc\TextParticle.cpp">
      <Filter>Исходные файлы</Filter>
    </ClCompile>
    <ClCompile Include="model\entity\Arrow.cpp">
      <Filter>Исходные файлы</Filter>
    </ClCompile>
    <ClCompile Include="core\SceneFile.cpp">
      <Filter>Исходные файлы</Filter>
    </ClCompile>
    <ClCompile Include="core\ByteReader.cpp">
      <Filter>Исходные файлы</Filter>
    </ClCompile>
  </ItemGroup>
  <ItemGroup>
    <ClInclude Include="GameLauncher.h">
      <Filter>Файлы заголовков</Filter>
    </ClInclude>
    <ClInclude Include="events\Event.h">
      <Filter>Исходные файлы\event</Filter>
    </ClInclude>
    <ClInclude Include="events\EventBus.hpp">
      <Filter>Исходные файлы\event</Filter>
    </ClInclude>
    <ClInclude Include="core\AABB.h">
      <Filter>Исходные файлы\core</Filter>
    </ClInclude>
    <ClInclude Include="core\Debug.h">
      <Filter>Исходные файлы\core</Filter>
    </ClInclude>
    <ClInclude Include="core\GameObject.h">
      <Filter>Исходные файлы\core</Filter>
    </ClInclude>
    <ClInclude Include="core\Box2D.h">
      <Filter>Исходные файлы\core</Filter>
    </ClInclude>
    <ClInclude Include="core\Scene.h">
      <Filter>Исходные файлы\core</Filter>
    </ClInclude>
    <ClInclude Include="model\Movement.h">
      <Filter>Исходные файлы\model</Filter>
    </ClInclude>
    <ClInclude Include="core\Sprite.h">
      <Filter>Исходные файлы\core</Filter>
    </ClInclude>
    <ClInclude Include="model\Entity.h">
      <Filter>Исходные файлы\model</Filter>
    </ClInclude>
    <ClInclude Include="model\Block.h">
      <Filter>Исходные файлы\model</Filter>
    </ClInclude>
    <ClInclude Include="model\Wall.h">
      <Filter>Исходные файлы\model</Filter>
    </ClInclude>
    <ClInclude Include="model\Player.h">
      <Filter>Исходные файлы\model</Filter>
    </ClInclude>
    <ClInclude Include="model\ItemEntity.h">
      <Filter>Исходные файлы\model</Filter>
    </ClInclude>
    <ClInclude Include="model\Item.h">
      <Filter>Исходные файлы\model</Filter>
    </ClInclude>
    <ClInclude Include="events\SceneStartEvent.hpp">
      <Filter>Исходные файлы\event</Filter>
    </ClInclude>
    <ClInclude Include="events\CollectItemEvent.hpp">
      <Filter>Файлы заголовков</Filter>
    </ClInclude>
    <ClInclude Include="TODO.h">
      <Filter>Файлы заголовков</Filter>
    </ClInclude>
    <ClInclude Include="model\Background.h">
      <Filter>Файлы заголовков</Filter>
    </ClInclude>
    <ClInclude Include="model\Mob.h">
      <Filter>Файлы заголовков</Filter>
    </ClInclude>
    <ClInclude Include="core\Particle.hpp">
      <Filter>Файлы заголовков</Filter>
    </ClInclude>
    <ClInclude Include="model\misc\TextParticle.h">
      <Filter>Файлы заголовков</Filter>
    </ClInclude>
    <ClInclude Include="model\entity\Arrow.h">
      <Filter>Файлы заголовков</Filter>
    </ClInclude>
    <ClInclude Include="events\ArrowHitEvent.hpp">
      <Filter>Файлы заголовков</Filter>
    </ClInclude>
    <ClInclude Include="core\SceneFile.h">
      <Filter>Файлы заголовков</Filter>
    </ClInclude>
    <ClInclude Include="core\ByteReader.h">
      <Filter>Файлы заголовков</Filter>
    </ClInclude>
    <ClInclude Include="scenes\GameScene.hpp">
      <Filter>Файлы заголовков</Filter>
    </ClInclude>
    <ClInclude Include="scenes\MenuScene.hpp">
      <Filter>Файлы заголовков</Filter>
    </ClInclude>
    <ClInclude Include="model\ui\ButtonUI.hpp">
      <Filter>Файлы заголовков</Filter>
    </ClInclude>
  </ItemGroup>
</Project>